{
  "name": "template-manager",
  "version": "0.8.0",
  "lockfileVersion": 1,
  "requires": true,
  "dependencies": {
    "@types/core-js": {
      "version": "2.5.4",
      "resolved": "https://registry.npmjs.org/@types/core-js/-/core-js-2.5.4.tgz",
      "integrity": "sha512-Xwy8o12ak+iYgFr/KCVaVK5Sy+jFMiiPAID3+ObvMlBzy26XQJw5xu+a6rlHsrJENXj/AwJOGsJpVohUjAzSKQ==",
      "dev": true
    },
    "@types/mjml": {
      "version": "4.7.0",
      "resolved": "https://registry.npmjs.org/@types/mjml/-/mjml-4.7.0.tgz",
      "integrity": "sha512-aWWu8Lxq2SexXGs+lBPRUpN3kFf0sDRo3Y4jz7BQ15cQvMfyZOadgFJsNlHmDqI6D2Qjx0PIK+1f9IMXgq9vTA==",
      "dev": true,
      "requires": {
        "@types/mjml-core": "*"
      }
    },
    "@types/mjml-core": {
      "version": "4.7.0",
      "resolved": "https://registry.npmjs.org/@types/mjml-core/-/mjml-core-4.7.0.tgz",
      "integrity": "sha512-sjdnVUQCZMRCXNuIve6OmB/pyoCV0wPbc5UV+VDNE/qTrM5ObJiOGpSVjwh2Kv7AEvPMP3hBh+xB6ERdN/ZPvg==",
      "dev": true
    }
  }
}
