# THIS IS AN AUTOGENERATED FILE. DO NOT EDIT THIS FILE DIRECTLY.
# yarn lockfile v1


"@types/core-js@^2.5.4":
  version "2.5.4"
  resolved "https://registry.yarnpkg.com/@types/core-js/-/core-js-2.5.4.tgz#fc42ebde7d9cfa7c5f2668f117449b02348e41fd"
  integrity sha512-Xwy8o12ak+iYgFr/KCVaVK5Sy+jFMiiPAID3+ObvMlBzy26XQJw5xu+a6rlHsrJENXj/AwJOGsJpVohUjAzSKQ==

"@types/mjml-core@*":
  version "4.7.0"
  resolved "https://registry.yarnpkg.com/@types/mjml-core/-/mjml-core-4.7.0.tgz#8fc4510ac7927795be1218042222f3dd98cee433"
  integrity sha512-sjdnVUQCZMRCXNuIve6OmB/pyoCV0wPbc5UV+VDNE/qTrM5ObJiOGpSVjwh2Kv7AEvPMP3hBh+xB6ERdN/ZPvg==

"@types/mjml@^4.7.0":
  version "4.7.0"
  resolved "https://registry.yarnpkg.com/@types/mjml/-/mjml-4.7.0.tgz#ea31b58008f54119efda9e673af674757d35981b"
  integrity sha512-aWWu8Lxq2SexXGs+lBPRUpN3kFf0sDRo3Y4jz7BQ15cQvMfyZOadgFJsNlHmDqI6D2Qjx0PIK+1f9IMXgq9vTA==
  dependencies:
    "@types/mjml-core" "*"
